
Microsoft Visual Studio Solution File, Format Version 12.00
# Visual Studio Version 16
VisualStudioVersion = 16.0.30002.166
MinimumVisualStudioVersion = 10.0.40219.1
Project("{FAE04EC0-301F-11D3-BF4B-00C04F79EFBC}") = "TokenEngineKeyProvider", "TokenEngineKeyProvider\TokenEngineKeyProvider.csproj", "{FA296C17-EBBF-4A82-845D-21C4FDEB76FF}"
EndProject
Global
	GlobalSection(SolutionConfigurationPlatforms) = preSolution
		Debug|Any CPU = Debug|Any CPU
		Release|Any CPU = Release|Any CPU
	EndGlobalSection
	GlobalSection(ProjectConfigurationPlatforms) = postSolution
		{FA296C17-EBBF-4A82-845D-21C4FDEB76FF}.Debug|Any CPU.ActiveCfg = Debug|Any CPU
		{FA296C17-EBBF-4A82-845D-21C4FDEB76FF}.Debug|Any CPU.Build.0 = Debug|Any CPU
		{FA296C17-EBBF-4A82-845D-21C4FDEB76FF}.Release|Any CPU.ActiveCfg = Release|Any CPU
		{FA296C17-EBBF-4A82-845D-21C4FDEB76FF}.Release|Any CPU.Build.0 = Release|Any CPU
	EndGlobalSection
	GlobalSection(SolutionProperties) = preSolution
		HideSolutionNode = FALSE
	EndGlobalSection
	GlobalSection(ExtensibilityGlobals) = postSolution
		SolutionGuid = {05938354-8C0B-4BF5-A370-AB61C32BA98C}
	EndGlobalSection
EndGlobal
